
Microsoft Visual Studio Solution File, Format Version 12.00
# Visual Studio Version 16
VisualStudioVersion = 16.0.31702.278
MinimumVisualStudioVersion = 10.0.40219.1
Project("{FAE04EC0-301F-11D3-BF4B-00C04F79EFBC}") = "ComputerShopContracts", "ComputerShopContracts\ComputerShopContracts.csproj", "{8C4CE62E-0E79-4D63-9753-A94558745B65}"
EndProject
Project("{FAE04EC0-301F-11D3-BF4B-00C04F79EFBC}") = "ComputerShopBusinessLogic", "ComputerShopBusinessLogic\ComputerShopBusinessLogic.csproj", "{AE84A78B-4AF8-40D5-AD7D-E55E66ECF082}"
EndProject
Project("{FAE04EC0-301F-11D3-BF4B-00C04F79EFBC}") = "ComputerShopListImplement", "ComputerShopListImplement\ComputerShopListImplement.csproj", "{20362BB5-8555-4A6E-B0E2-65FD6BAE5CD9}"
EndProject
Project("{FAE04EC0-301F-11D3-BF4B-00C04F79EFBC}") = "ComputerShopView", "ComputerShopView\ComputerShopView.csproj", "{E5BEE189-8B7B-4383-891A-EEBCEA8C83DC}"
EndProject
Global
	GlobalSection(SolutionConfigurationPlatforms) = preSolution
		Debug|Any CPU = Debug|Any CPU
		Release|Any CPU = Release|Any CPU
	EndGlobalSection
	GlobalSection(ProjectConfigurationPlatforms) = postSolution
		{8C4CE62E-0E79-4D63-9753-A94558745B65}.Debug|Any CPU.ActiveCfg = Debug|Any CPU
		{8C4CE62E-0E79-4D63-9753-A94558745B65}.Debug|Any CPU.Build.0 = Debug|Any CPU
		{8C4CE62E-0E79-4D63-9753-A94558745B65}.Release|Any CPU.ActiveCfg = Release|Any CPU
		{8C4CE62E-0E79-4D63-9753-A94558745B65}.Release|Any CPU.Build.0 = Release|Any CPU
		{AE84A78B-4AF8-40D5-AD7D-E55E66ECF082}.Debug|Any CPU.ActiveCfg = Debug|Any CPU
		{AE84A78B-4AF8-40D5-AD7D-E55E66ECF082}.Debug|Any CPU.Build.0 = Debug|Any CPU
		{AE84A78B-4AF8-40D5-AD7D-E55E66ECF082}.Release|Any CPU.ActiveCfg = Release|Any CPU
		{AE84A78B-4AF8-40D5-AD7D-E55E66ECF082}.Release|Any CPU.Build.0 = Release|Any CPU
		{20362BB5-8555-4A6E-B0E2-65FD6BAE5CD9}.Debug|Any CPU.ActiveCfg = Debug|Any CPU
		{20362BB5-8555-4A6E-B0E2-65FD6BAE5CD9}.Debug|Any CPU.Build.0 = Debug|Any CPU
		{20362BB5-8555-4A6E-B0E2-65FD6BAE5CD9}.Release|Any CPU.ActiveCfg = Release|Any CPU
		{20362BB5-8555-4A6E-B0E2-65FD6BAE5CD9}.Release|Any CPU.Build.0 = Release|Any CPU
		{E5BEE189-8B7B-4383-891A-EEBCEA8C83DC}.Debug|Any CPU.ActiveCfg = Debug|Any CPU
		{E5BEE189-8B7B-4383-891A-EEBCEA8C83DC}.Debug|Any CPU.Build.0 = Debug|Any CPU
		{E5BEE189-8B7B-4383-891A-EEBCEA8C83DC}.Release|Any CPU.ActiveCfg = Release|Any CPU
		{E5BEE189-8B7B-4383-891A-EEBCEA8C83DC}.Release|Any CPU.Build.0 = Release|Any CPU
	EndGlobalSection
	GlobalSection(SolutionProperties) = preSolution
		HideSolutionNode = FALSE
	EndGlobalSection
	GlobalSection(ExtensibilityGlobals) = postSolution
		SolutionGuid = {E1745288-7B78-4FA3-92CC-C4D7CF7C5677}
	EndGlobalSection
EndGlobal
